
Microsoft Visual Studio Solution File, Format Version 12.00
# Visual Studio 15
VisualStudioVersion = 15.0.26124.0
MinimumVisualStudioVersion = 15.0.26124.0
Project("{2150E333-8FDC-42A3-9474-1A3956D46DE8}") = "src", "src", "{A5CD37A8-B594-4554-AC6F-B913C23BF35C}"
EndProject
Project("{FAE04EC0-301F-11D3-BF4B-00C04F79EFBC}") = "SimpleAPI", "src\SimpleAPI\SimpleAPI.csproj", "{37DD213F-3B4E-4962-A295-5C7373EC862A}"
EndProject
Project("{2150E333-8FDC-42A3-9474-1A3956D46DE8}") = "test", "test", "{A7E3575D-7BB1-4AC2-B9A6-4CD31E4DA383}"
EndProject
Project("{FAE04EC0-301F-11D3-BF4B-00C04F79EFBC}") = "SimpleAPI.Test", "test\SimpleAPI.Test\SimpleAPI.Test.csproj", "{8D9BEF09-75BD-41E1-9554-ED1B2780DDF5}"
EndProject
Global
	GlobalSection(SolutionConfigurationPlatforms) = preSolution
		Debug|Any CPU = Debug|Any CPU
		Debug|x64 = Debug|x64
		Debug|x86 = Debug|x86
		Release|Any CPU = Release|Any CPU
		Release|x64 = Release|x64
		Release|x86 = Release|x86
	EndGlobalSection
	GlobalSection(SolutionProperties) = preSolution
		HideSolutionNode = FALSE
	EndGlobalSection
	GlobalSection(ProjectConfigurationPlatforms) = postSolution
		{37DD213F-3B4E-4962-A295-5C7373EC862A}.Debug|Any CPU.ActiveCfg = Debug|Any CPU
		{37DD213F-3B4E-4962-A295-5C7373EC862A}.Debug|Any CPU.Build.0 = Debug|Any CPU
		{37DD213F-3B4E-4962-A295-5C7373EC862A}.Debug|x64.ActiveCfg = Debug|Any CPU
		{37DD213F-3B4E-4962-A295-5C7373EC862A}.Debug|x64.Build.0 = Debug|Any CPU
		{37DD213F-3B4E-4962-A295-5C7373EC862A}.Debug|x86.ActiveCfg = Debug|Any CPU
		{37DD213F-3B4E-4962-A295-5C7373EC862A}.Debug|x86.Build.0 = Debug|Any CPU
		{37DD213F-3B4E-4962-A295-5C7373EC862A}.Release|Any CPU.ActiveCfg = Release|Any CPU
		{37DD213F-3B4E-4962-A295-5C7373EC862A}.Release|Any CPU.Build.0 = Release|Any CPU
		{37DD213F-3B4E-4962-A295-5C7373EC862A}.Release|x64.ActiveCfg = Release|Any CPU
		{37DD213F-3B4E-4962-A295-5C7373EC862A}.Release|x64.Build.0 = Release|Any CPU
		{37DD213F-3B4E-4962-A295-5C7373EC862A}.Release|x86.ActiveCfg = Release|Any CPU
		{37DD213F-3B4E-4962-A295-5C7373EC862A}.Release|x86.Build.0 = Release|Any CPU
		{8D9BEF09-75BD-41E1-9554-ED1B2780DDF5}.Debug|Any CPU.ActiveCfg = Debug|Any CPU
		{8D9BEF09-75BD-41E1-9554-ED1B2780DDF5}.Debug|Any CPU.Build.0 = Debug|Any CPU
		{8D9BEF09-75BD-41E1-9554-ED1B2780DDF5}.Debug|x64.ActiveCfg = Debug|Any CPU
		{8D9BEF09-75BD-41E1-9554-ED1B2780DDF5}.Debug|x64.Build.0 = Debug|Any CPU
		{8D9BEF09-75BD-41E1-9554-ED1B2780DDF5}.Debug|x86.ActiveCfg = Debug|Any CPU
		{8D9BEF09-75BD-41E1-9554-ED1B2780DDF5}.Debug|x86.Build.0 = Debug|Any CPU
		{8D9BEF09-75BD-41E1-9554-ED1B2780DDF5}.Release|Any CPU.ActiveCfg = Release|Any CPU
		{8D9BEF09-75BD-41E1-9554-ED1B2780DDF5}.Release|Any CPU.Build.0 = Release|Any CPU
		{8D9BEF09-75BD-41E1-9554-ED1B2780DDF5}.Release|x64.ActiveCfg = Release|Any CPU
		{8D9BEF09-75BD-41E1-9554-ED1B2780DDF5}.Release|x64.Build.0 = Release|Any CPU
		{8D9BEF09-75BD-41E1-9554-ED1B2780DDF5}.Release|x86.ActiveCfg = Release|Any CPU
		{8D9BEF09-75BD-41E1-9554-ED1B2780DDF5}.Release|x86.Build.0 = Release|Any CPU
	EndGlobalSection
	GlobalSection(NestedProjects) = preSolution
		{37DD213F-3B4E-4962-A295-5C7373EC862A} = {A5CD37A8-B594-4554-AC6F-B913C23BF35C}
		{8D9BEF09-75BD-41E1-9554-ED1B2780DDF5} = {A7E3575D-7BB1-4AC2-B9A6-4CD31E4DA383}
	EndGlobalSection
EndGlobal
